
Microsoft Visual Studio Solution File, Format Version 12.00
Project("{2150E333-8FDC-42A3-9474-1A3956D46DE8}") = "Catalog", "Catalog", "{F15C9E21-39C8-44BB-A0D9-FEDC28E72E69}"
EndProject
Project("{2150E333-8FDC-42A3-9474-1A3956D46DE8}") = "Services", "Services", "{4ABE913D-1271-4989-9C25-E13C1BADA4C5}"
EndProject
Project("{FAE04EC0-301F-11D3-BF4B-00C04F79EFBC}") = "Catalog.API", "Services\Catalog\Catalog.API\Catalog.API.csproj", "{B1214EA7-6E29-4206-991A-28CF3593BBBC}"
EndProject
Project("{2150E333-8FDC-42A3-9474-1A3956D46DE8}") = "Basket", "Basket", "{50ED0720-515F-43AA-9ED9-4AC179858B1E}"
EndProject
Project("{FAE04EC0-301F-11D3-BF4B-00C04F79EFBC}") = "Basket.API", "Services\Basket\Basket.API\Basket.API.csproj", "{48F29DFC-33E2-484D-84CB-A8F9B86F96A5}"
EndProject
Project("{2150E333-8FDC-42A3-9474-1A3956D46DE8}") = "Discount", "Discount", "{F774493B-577B-411C-A8CA-6434410C1927}"
EndProject
Project("{FAE04EC0-301F-11D3-BF4B-00C04F79EFBC}") = "Discount.Common", "Services\Discount\Discount.Common\Discount.Common.csproj", "{8D21C306-E02E-4BB0-B058-C07D69E874C5}"
EndProject
Project("{FAE04EC0-301F-11D3-BF4B-00C04F79EFBC}") = "Discount.API", "Services\Discount\Discount.API\Discount.API.csproj", "{61E3B8D0-6560-4A6D-9CB0-FA19460F79A6}"
EndProject
Project("{FAE04EC0-301F-11D3-BF4B-00C04F79EFBC}") = "Discount.GRPC", "Services\Discount\Discount.GRPC\Discount.GRPC.csproj", "{679CEF16-0EF8-4ECC-8893-1ADD4771DE3D}"
EndProject
Project("{2150E333-8FDC-42A3-9474-1A3956D46DE8}") = "Tests", "Tests", "{990BBAF0-6215-4A6B-B20B-EC867A95E395}"
EndProject
Project("{2150E333-8FDC-42A3-9474-1A3956D46DE8}") = "Services", "Services", "{E6AF3031-61FE-422E-AF5A-48F1E5832FB3}"
EndProject
Project("{2150E333-8FDC-42A3-9474-1A3956D46DE8}") = "Basket", "Basket", "{56551842-D339-46B0-8282-80885AE0B9DC}"
EndProject
Project("{FAE04EC0-301F-11D3-BF4B-00C04F79EFBC}") = "Basket.API.Tests", "Tests\Services\Basket\Basket.API.Tests\Basket.API.Tests.csproj", "{EAEDF67D-C5FD-407A-BECC-0DB668AFE232}"
EndProject
Project("{2150E333-8FDC-42A3-9474-1A3956D46DE8}") = "Ordering", "Ordering", "{0BD792C6-BC63-405E-8A9B-0A66213746C4}"
EndProject
Project("{FAE04EC0-301F-11D3-BF4B-00C04F79EFBC}") = "Ordering.Domain", "Services\Ordering\Ordering.Domain\Ordering.Domain.csproj", "{F1FC5FEB-BFC8-4537-89BA-8B1B017C2065}"
EndProject
Project("{FAE04EC0-301F-11D3-BF4B-00C04F79EFBC}") = "Ordering.Application", "Services\Ordering\Ordering.Application\Ordering.Application.csproj", "{02D0ADCE-0361-4604-887B-9CB870E5DF02}"
EndProject
Project("{FAE04EC0-301F-11D3-BF4B-00C04F79EFBC}") = "Ordering.API", "Services\Ordering\Ordering.API\Ordering.API.csproj", "{0C8EAF0C-6C3B-4B13-877B-CFA5C6141774}"
EndProject
Project("{FAE04EC0-301F-11D3-BF4B-00C04F79EFBC}") = "Ordering.Infrastructure", "Services\Ordering\Ordering.Infrastructure\Ordering.Infrastructure.csproj", "{43F062BC-A50E-45A6-B21B-C3771A9ED7BF}"
EndProject
Global
	GlobalSection(SolutionConfigurationPlatforms) = preSolution
		Debug|Any CPU = Debug|Any CPU
		Release|Any CPU = Release|Any CPU
	EndGlobalSection
	GlobalSection(ProjectConfigurationPlatforms) = postSolution
		{B1214EA7-6E29-4206-991A-28CF3593BBBC}.Debug|Any CPU.ActiveCfg = Debug|Any CPU
		{B1214EA7-6E29-4206-991A-28CF3593BBBC}.Debug|Any CPU.Build.0 = Debug|Any CPU
		{B1214EA7-6E29-4206-991A-28CF3593BBBC}.Release|Any CPU.ActiveCfg = Release|Any CPU
		{B1214EA7-6E29-4206-991A-28CF3593BBBC}.Release|Any CPU.Build.0 = Release|Any CPU
		{48F29DFC-33E2-484D-84CB-A8F9B86F96A5}.Debug|Any CPU.ActiveCfg = Debug|Any CPU
		{48F29DFC-33E2-484D-84CB-A8F9B86F96A5}.Debug|Any CPU.Build.0 = Debug|Any CPU
		{48F29DFC-33E2-484D-84CB-A8F9B86F96A5}.Release|Any CPU.ActiveCfg = Release|Any CPU
		{48F29DFC-33E2-484D-84CB-A8F9B86F96A5}.Release|Any CPU.Build.0 = Release|Any CPU
		{8D21C306-E02E-4BB0-B058-C07D69E874C5}.Debug|Any CPU.ActiveCfg = Debug|Any CPU
		{8D21C306-E02E-4BB0-B058-C07D69E874C5}.Debug|Any CPU.Build.0 = Debug|Any CPU
		{8D21C306-E02E-4BB0-B058-C07D69E874C5}.Release|Any CPU.ActiveCfg = Release|Any CPU
		{8D21C306-E02E-4BB0-B058-C07D69E874C5}.Release|Any CPU.Build.0 = Release|Any CPU
		{61E3B8D0-6560-4A6D-9CB0-FA19460F79A6}.Debug|Any CPU.ActiveCfg = Debug|Any CPU
		{61E3B8D0-6560-4A6D-9CB0-FA19460F79A6}.Debug|Any CPU.Build.0 = Debug|Any CPU
		{61E3B8D0-6560-4A6D-9CB0-FA19460F79A6}.Release|Any CPU.ActiveCfg = Release|Any CPU
		{61E3B8D0-6560-4A6D-9CB0-FA19460F79A6}.Release|Any CPU.Build.0 = Release|Any CPU
		{679CEF16-0EF8-4ECC-8893-1ADD4771DE3D}.Debug|Any CPU.ActiveCfg = Debug|Any CPU
		{679CEF16-0EF8-4ECC-8893-1ADD4771DE3D}.Debug|Any CPU.Build.0 = Debug|Any CPU
		{679CEF16-0EF8-4ECC-8893-1ADD4771DE3D}.Release|Any CPU.ActiveCfg = Release|Any CPU
		{679CEF16-0EF8-4ECC-8893-1ADD4771DE3D}.Release|Any CPU.Build.0 = Release|Any CPU
		{EAEDF67D-C5FD-407A-BECC-0DB668AFE232}.Debug|Any CPU.ActiveCfg = Debug|Any CPU
		{EAEDF67D-C5FD-407A-BECC-0DB668AFE232}.Debug|Any CPU.Build.0 = Debug|Any CPU
		{EAEDF67D-C5FD-407A-BECC-0DB668AFE232}.Release|Any CPU.ActiveCfg = Release|Any CPU
		{EAEDF67D-C5FD-407A-BECC-0DB668AFE232}.Release|Any CPU.Build.0 = Release|Any CPU
		{F1FC5FEB-BFC8-4537-89BA-8B1B017C2065}.Debug|Any CPU.ActiveCfg = Debug|Any CPU
		{F1FC5FEB-BFC8-4537-89BA-8B1B017C2065}.Debug|Any CPU.Build.0 = Debug|Any CPU
		{F1FC5FEB-BFC8-4537-89BA-8B1B017C2065}.Release|Any CPU.ActiveCfg = Release|Any CPU
		{F1FC5FEB-BFC8-4537-89BA-8B1B017C2065}.Release|Any CPU.Build.0 = Release|Any CPU
		{02D0ADCE-0361-4604-887B-9CB870E5DF02}.Debug|Any CPU.ActiveCfg = Debug|Any CPU
		{02D0ADCE-0361-4604-887B-9CB870E5DF02}.Debug|Any CPU.Build.0 = Debug|Any CPU
		{02D0ADCE-0361-4604-887B-9CB870E5DF02}.Release|Any CPU.ActiveCfg = Release|Any CPU
		{02D0ADCE-0361-4604-887B-9CB870E5DF02}.Release|Any CPU.Build.0 = Release|Any CPU
		{0C8EAF0C-6C3B-4B13-877B-CFA5C6141774}.Debug|Any CPU.ActiveCfg = Debug|Any CPU
		{0C8EAF0C-6C3B-4B13-877B-CFA5C6141774}.Debug|Any CPU.Build.0 = Debug|Any CPU
		{0C8EAF0C-6C3B-4B13-877B-CFA5C6141774}.Release|Any CPU.ActiveCfg = Release|Any CPU
		{0C8EAF0C-6C3B-4B13-877B-CFA5C6141774}.Release|Any CPU.Build.0 = Release|Any CPU
		{43F062BC-A50E-45A6-B21B-C3771A9ED7BF}.Debug|Any CPU.ActiveCfg = Debug|Any CPU
		{43F062BC-A50E-45A6-B21B-C3771A9ED7BF}.Debug|Any CPU.Build.0 = Debug|Any CPU
		{43F062BC-A50E-45A6-B21B-C3771A9ED7BF}.Release|Any CPU.ActiveCfg = Release|Any CPU
		{43F062BC-A50E-45A6-B21B-C3771A9ED7BF}.Release|Any CPU.Build.0 = Release|Any CPU
	EndGlobalSection
	GlobalSection(NestedProjects) = preSolution
		{F15C9E21-39C8-44BB-A0D9-FEDC28E72E69} = {4ABE913D-1271-4989-9C25-E13C1BADA4C5}
		{B1214EA7-6E29-4206-991A-28CF3593BBBC} = {F15C9E21-39C8-44BB-A0D9-FEDC28E72E69}
		{50ED0720-515F-43AA-9ED9-4AC179858B1E} = {4ABE913D-1271-4989-9C25-E13C1BADA4C5}
		{48F29DFC-33E2-484D-84CB-A8F9B86F96A5} = {50ED0720-515F-43AA-9ED9-4AC179858B1E}
		{F774493B-577B-411C-A8CA-6434410C1927} = {4ABE913D-1271-4989-9C25-E13C1BADA4C5}
		{8D21C306-E02E-4BB0-B058-C07D69E874C5} = {F774493B-577B-411C-A8CA-6434410C1927}
		{61E3B8D0-6560-4A6D-9CB0-FA19460F79A6} = {F774493B-577B-411C-A8CA-6434410C1927}
		{679CEF16-0EF8-4ECC-8893-1ADD4771DE3D} = {F774493B-577B-411C-A8CA-6434410C1927}
		{E6AF3031-61FE-422E-AF5A-48F1E5832FB3} = {990BBAF0-6215-4A6B-B20B-EC867A95E395}
		{56551842-D339-46B0-8282-80885AE0B9DC} = {E6AF3031-61FE-422E-AF5A-48F1E5832FB3}
		{EAEDF67D-C5FD-407A-BECC-0DB668AFE232} = {56551842-D339-46B0-8282-80885AE0B9DC}
		{0BD792C6-BC63-405E-8A9B-0A66213746C4} = {4ABE913D-1271-4989-9C25-E13C1BADA4C5}
		{F1FC5FEB-BFC8-4537-89BA-8B1B017C2065} = {0BD792C6-BC63-405E-8A9B-0A66213746C4}
		{02D0ADCE-0361-4604-887B-9CB870E5DF02} = {0BD792C6-BC63-405E-8A9B-0A66213746C4}
		{0C8EAF0C-6C3B-4B13-877B-CFA5C6141774} = {0BD792C6-BC63-405E-8A9B-0A66213746C4}
		{43F062BC-A50E-45A6-B21B-C3771A9ED7BF} = {0BD792C6-BC63-405E-8A9B-0A66213746C4}
	EndGlobalSection
EndGlobal
