
Microsoft Visual Studio Solution File, Format Version 12.00
Project("{2150E333-8FDC-42A3-9474-1A3956D46DE8}") = "Catalog", "Catalog", "{F15C9E21-39C8-44BB-A0D9-FEDC28E72E69}"
EndProject
Project("{2150E333-8FDC-42A3-9474-1A3956D46DE8}") = "Services", "Services", "{4ABE913D-1271-4989-9C25-E13C1BADA4C5}"
EndProject
Project("{FAE04EC0-301F-11D3-BF4B-00C04F79EFBC}") = "Catalog.API", "Services\Catalog\Catalog.API\Catalog.API.csproj", "{B1214EA7-6E29-4206-991A-28CF3593BBBC}"
EndProject
Global
	GlobalSection(SolutionConfigurationPlatforms) = preSolution
		Debug|Any CPU = Debug|Any CPU
		Release|Any CPU = Release|Any CPU
	EndGlobalSection
	GlobalSection(ProjectConfigurationPlatforms) = postSolution
		{B1214EA7-6E29-4206-991A-28CF3593BBBC}.Debug|Any CPU.ActiveCfg = Debug|Any CPU
		{B1214EA7-6E29-4206-991A-28CF3593BBBC}.Debug|Any CPU.Build.0 = Debug|Any CPU
		{B1214EA7-6E29-4206-991A-28CF3593BBBC}.Release|Any CPU.ActiveCfg = Release|Any CPU
		{B1214EA7-6E29-4206-991A-28CF3593BBBC}.Release|Any CPU.Build.0 = Release|Any CPU
	EndGlobalSection
	GlobalSection(NestedProjects) = preSolution
		{F15C9E21-39C8-44BB-A0D9-FEDC28E72E69} = {4ABE913D-1271-4989-9C25-E13C1BADA4C5}
		{B1214EA7-6E29-4206-991A-28CF3593BBBC} = {F15C9E21-39C8-44BB-A0D9-FEDC28E72E69}
	EndGlobalSection
EndGlobal
